
Microsoft Visual Studio Solution File, Format Version 12.00
# Visual Studio 15
VisualStudioVersion = 15.0.28307.106
MinimumVisualStudioVersion = 10.0.40219.1
Project("{FAE04EC0-301F-11D3-BF4B-00C04F79EFBC}") = "BloodDonorUI", "LogInScreen\BloodDonorUI.csproj", "{23FB3A74-985C-488F-BAF4-70DC51644EEC}"
EndProject
Project("{FAE04EC0-301F-11D3-BF4B-00C04F79EFBC}") = "DBLibrary1", "DBLibrary1\DBLibrary1.csproj", "{2D865C23-A579-482E-9A07-18673A98A959}"
EndProject
Global
	GlobalSection(SolutionConfigurationPlatforms) = preSolution
		Debug|Any CPU = Debug|Any CPU
		Release|Any CPU = Release|Any CPU
	EndGlobalSection
	GlobalSection(ProjectConfigurationPlatforms) = postSolution
		{23FB3A74-985C-488F-BAF4-70DC51644EEC}.Debug|Any CPU.ActiveCfg = Debug|Any CPU
		{23FB3A74-985C-488F-BAF4-70DC51644EEC}.Debug|Any CPU.Build.0 = Debug|Any CPU
		{23FB3A74-985C-488F-BAF4-70DC51644EEC}.Release|Any CPU.ActiveCfg = Release|Any CPU
		{23FB3A74-985C-488F-BAF4-70DC51644EEC}.Release|Any CPU.Build.0 = Release|Any CPU
		{2D865C23-A579-482E-9A07-18673A98A959}.Debug|Any CPU.ActiveCfg = Debug|Any CPU
		{2D865C23-A579-482E-9A07-18673A98A959}.Debug|Any CPU.Build.0 = Debug|Any CPU
		{2D865C23-A579-482E-9A07-18673A98A959}.Release|Any CPU.ActiveCfg = Release|Any CPU
		{2D865C23-A579-482E-9A07-18673A98A959}.Release|Any CPU.Build.0 = Release|Any CPU
	EndGlobalSection
	GlobalSection(SolutionProperties) = preSolution
		HideSolutionNode = FALSE
	EndGlobalSection
	GlobalSection(ExtensibilityGlobals) = postSolution
		SolutionGuid = {0BAA68A3-DB8D-4982-83C1-321785BBD889}
	EndGlobalSection
EndGlobal
